
Microsoft Visual Studio Solution File, Format Version 12.00
# Visual Studio Version 16
VisualStudioVersion = 16.0.29905.134
MinimumVisualStudioVersion = 10.0.40219.1
Project("{FAE04EC0-301F-11D3-BF4B-00C04F79EFBC}") = "SleepyDisplay", "SleepyDisplay\SleepyDisplay.csproj", "{B348D686-CE4B-443C-A1E6-D5213B5C2B4E}"
EndProject
Global
	GlobalSection(SolutionConfigurationPlatforms) = preSolution
		Debug|Any CPU = Debug|Any CPU
		Release|Any CPU = Release|Any CPU
	EndGlobalSection
	GlobalSection(ProjectConfigurationPlatforms) = postSolution
		{B348D686-CE4B-443C-A1E6-D5213B5C2B4E}.Debug|Any CPU.ActiveCfg = Debug|Any CPU
		{B348D686-CE4B-443C-A1E6-D5213B5C2B4E}.Debug|Any CPU.Build.0 = Debug|Any CPU
		{B348D686-CE4B-443C-A1E6-D5213B5C2B4E}.Release|Any CPU.ActiveCfg = Release|Any CPU
		{B348D686-CE4B-443C-A1E6-D5213B5C2B4E}.Release|Any CPU.Build.0 = Release|Any CPU
	EndGlobalSection
	GlobalSection(SolutionProperties) = preSolution
		HideSolutionNode = FALSE
	EndGlobalSection
	GlobalSection(ExtensibilityGlobals) = postSolution
		SolutionGuid = {E1001485-F603-413D-AAE2-90182E37A67F}
	EndGlobalSection
EndGlobal
